// !$*UTF8*$!
{
	archiveVersion = 1;
	classes = {
	};
	objectVersion = 50;
	objects = {

/* Begin PBXBuildFile section */
		1C62869E24C1EC6B0074351D /* Badge.swift in Sources */ = {isa = PBXBuildFile; fileRef = 1C62869D24C1EC6B0074351D /* Badge.swift */; };
		1C70C26D24BEE2C20091100F /* AppDelegate.swift in Sources */ = {isa = PBXBuildFile; fileRef = 1C70C26C24BEE2C20091100F /* AppDelegate.swift */; };
		1C70C26F24BEE2C20091100F /* SceneDelegate.swift in Sources */ = {isa = PBXBuildFile; fileRef = 1C70C26E24BEE2C20091100F /* SceneDelegate.swift */; };
		1C70C27324BEE2C30091100F /* Assets.xcassets in Resources */ = {isa = PBXBuildFile; fileRef = 1C70C27224BEE2C30091100F /* Assets.xcassets */; };
		1C70C27624BEE2C40091100F /* Preview Assets.xcassets in Resources */ = {isa = PBXBuildFile; fileRef = 1C70C27524BEE2C40091100F /* Preview Assets.xcassets */; };
		1C70C27924BEE2C40091100F /* LaunchScreen.storyboard in Resources */ = {isa = PBXBuildFile; fileRef = 1C70C27724BEE2C40091100F /* LaunchScreen.storyboard */; };
		1C70C28124BEF2530091100F /* CircleImage.swift in Sources */ = {isa = PBXBuildFile; fileRef = 1C70C28024BEF2530091100F /* CircleImage.swift */; };
		1C70C28324BEF4F70091100F /* Lobster-Regular.ttf in Resources */ = {isa = PBXBuildFile; fileRef = 1C70C28224BEF4F70091100F /* Lobster-Regular.ttf */; };
		1C70C28524BEF7E30091100F /* MapView.swift in Sources */ = {isa = PBXBuildFile; fileRef = 1C70C28424BEF7E30091100F /* MapView.swift */; };
		1C70C28724BF0B960091100F /* Landmark.swift in Sources */ = {isa = PBXBuildFile; fileRef = 1C70C28624BF0B960091100F /* Landmark.swift */; };
		1C70C28A24BF10F60091100F /* Data.swift in Sources */ = {isa = PBXBuildFile; fileRef = 1C70C28924BF10F60091100F /* Data.swift */; };
		1C70C28E24BF17C40091100F /* landmarkData.json in Resources */ = {isa = PBXBuildFile; fileRef = 1C70C28D24BF17C30091100F /* landmarkData.json */; };
		1C70C29024BF19D20091100F /* LandmarkRow.swift in Sources */ = {isa = PBXBuildFile; fileRef = 1C70C28F24BF19D20091100F /* LandmarkRow.swift */; };
		1C70C29E24BF1AF10091100F /* lakemcdonald.jpg in Resources */ = {isa = PBXBuildFile; fileRef = 1C70C29224BF1AF10091100F /* lakemcdonald.jpg */; };
		1C70C29F24BF1AF10091100F /* turtlerock.jpg in Resources */ = {isa = PBXBuildFile; fileRef = 1C70C29324BF1AF10091100F /* turtlerock.jpg */; };
		1C70C2A024BF1AF10091100F /* stmarylake.jpg in Resources */ = {isa = PBXBuildFile; fileRef = 1C70C29424BF1AF10091100F /* stmarylake.jpg */; };
		1C70C2A124BF1AF10091100F /* twinlake.jpg in Resources */ = {isa = PBXBuildFile; fileRef = 1C70C29524BF1AF10091100F /* twinlake.jpg */; };
		1C70C2A224BF1AF10091100F /* hiddenlake.jpg in Resources */ = {isa = PBXBuildFile; fileRef = 1C70C29624BF1AF10091100F /* hiddenlake.jpg */; };
		1C70C2A324BF1AF10091100F /* umbagog.jpg in Resources */ = {isa = PBXBuildFile; fileRef = 1C70C29724BF1AF10091100F /* umbagog.jpg */; };
		1C70C2A424BF1AF10091100F /* rainbowlake.jpg in Resources */ = {isa = PBXBuildFile; fileRef = 1C70C29824BF1AF10091100F /* rainbowlake.jpg */; };
		1C70C2A524BF1AF10091100F /* yukon_charleyrivers.jpg in Resources */ = {isa = PBXBuildFile; fileRef = 1C70C29924BF1AF10091100F /* yukon_charleyrivers.jpg */; };
		1C70C2A624BF1AF10091100F /* icybay.jpg in Resources */ = {isa = PBXBuildFile; fileRef = 1C70C29A24BF1AF10091100F /* icybay.jpg */; };
		1C70C2A724BF1AF10091100F /* chincoteague.jpg in Resources */ = {isa = PBXBuildFile; fileRef = 1C70C29B24BF1AF10091100F /* chincoteague.jpg */; };
		1C70C2A824BF1AF10091100F /* silversalmoncreek.jpg in Resources */ = {isa = PBXBuildFile; fileRef = 1C70C29C24BF1AF10091100F /* silversalmoncreek.jpg */; };
		1C70C2A924BF1AF10091100F /* chilkoottrail.jpg in Resources */ = {isa = PBXBuildFile; fileRef = 1C70C29D24BF1AF10091100F /* chilkoottrail.jpg */; };
		1C70C2AB24BF30100091100F /* LandmarkDetail.swift in Sources */ = {isa = PBXBuildFile; fileRef = 1C70C2AA24BF30100091100F /* LandmarkDetail.swift */; };
		1C70C2AD24BF32DC0091100F /* LandmarkList.swift in Sources */ = {isa = PBXBuildFile; fileRef = 1C70C2AC24BF32DC0091100F /* LandmarkList.swift */; };
		1C78A6DB24C057D900616629 /* UserData.swift in Sources */ = {isa = PBXBuildFile; fileRef = 1C78A6DA24C057D900616629 /* UserData.swift */; };
/* End PBXBuildFile section */

/* Begin PBXFileReference section */
		1C62869D24C1EC6B0074351D /* Badge.swift */ = {isa = PBXFileReference; lastKnownFileType = sourcecode.swift; path = Badge.swift; sourceTree = "<group>"; };
		1C70C26924BEE2C20091100F /* Blog.app */ = {isa = PBXFileReference; explicitFileType = wrapper.application; includeInIndex = 0; path = Blog.app; sourceTree = BUILT_PRODUCTS_DIR; };
		1C70C26C24BEE2C20091100F /* AppDelegate.swift */ = {isa = PBXFileReference; lastKnownFileType = sourcecode.swift; path = AppDelegate.swift; sourceTree = "<group>"; };
		1C70C26E24BEE2C20091100F /* SceneDelegate.swift */ = {isa = PBXFileReference; lastKnownFileType = sourcecode.swift; path = SceneDelegate.swift; sourceTree = "<group>"; };
		1C70C27224BEE2C30091100F /* Assets.xcassets */ = {isa = PBXFileReference; lastKnownFileType = folder.assetcatalog; path = Assets.xcassets; sourceTree = "<group>"; };
		1C70C27524BEE2C40091100F /* Preview Assets.xcassets */ = {isa = PBXFileReference; lastKnownFileType = folder.assetcatalog; path = "Preview Assets.xcassets"; sourceTree = "<group>"; };
		1C70C27824BEE2C40091100F /* Base */ = {isa = PBXFileReference; lastKnownFileType = file.storyboard; name = Base; path = Base.lproj/LaunchScreen.storyboard; sourceTree = "<group>"; };
		1C70C27A24BEE2C40091100F /* Info.plist */ = {isa = PBXFileReference; lastKnownFileType = text.plist.xml; path = Info.plist; sourceTree = "<group>"; };
		1C70C28024BEF2530091100F /* CircleImage.swift */ = {isa = PBXFileReference; lastKnownFileType = sourcecode.swift; path = CircleImage.swift; sourceTree = "<group>"; };
		1C70C28224BEF4F70091100F /* Lobster-Regular.ttf */ = {isa = PBXFileReference; lastKnownFileType = file; path = "Lobster-Regular.ttf"; sourceTree = "<group>"; };
		1C70C28424BEF7E30091100F /* MapView.swift */ = {isa = PBXFileReference; lastKnownFileType = sourcecode.swift; path = MapView.swift; sourceTree = "<group>"; };
		1C70C28624BF0B960091100F /* Landmark.swift */ = {isa = PBXFileReference; lastKnownFileType = sourcecode.swift; path = Landmark.swift; sourceTree = "<group>"; };
		1C70C28924BF10F60091100F /* Data.swift */ = {isa = PBXFileReference; lastKnownFileType = sourcecode.swift; path = Data.swift; sourceTree = "<group>"; };
		1C70C28D24BF17C30091100F /* landmarkData.json */ = {isa = PBXFileReference; fileEncoding = 4; lastKnownFileType = text.json; path = landmarkData.json; sourceTree = "<group>"; };
		1C70C28F24BF19D20091100F /* LandmarkRow.swift */ = {isa = PBXFileReference; lastKnownFileType = sourcecode.swift; path = LandmarkRow.swift; sourceTree = "<group>"; };
		1C70C29224BF1AF10091100F /* lakemcdonald.jpg */ = {isa = PBXFileReference; lastKnownFileType = image.jpeg; path = lakemcdonald.jpg; sourceTree = "<group>"; };
		1C70C29324BF1AF10091100F /* turtlerock.jpg */ = {isa = PBXFileReference; lastKnownFileType = image.jpeg; path = turtlerock.jpg; sourceTree = "<group>"; };
		1C70C29424BF1AF10091100F /* stmarylake.jpg */ = {isa = PBXFileReference; lastKnownFileType = image.jpeg; path = stmarylake.jpg; sourceTree = "<group>"; };
		1C70C29524BF1AF10091100F /* twinlake.jpg */ = {isa = PBXFileReference; lastKnownFileType = image.jpeg; path = twinlake.jpg; sourceTree = "<group>"; };
		1C70C29624BF1AF10091100F /* hiddenlake.jpg */ = {isa = PBXFileReference; lastKnownFileType = image.jpeg; path = hiddenlake.jpg; sourceTree = "<group>"; };
		1C70C29724BF1AF10091100F /* umbagog.jpg */ = {isa = PBXFileReference; lastKnownFileType = image.jpeg; path = umbagog.jpg; sourceTree = "<group>"; };
		1C70C29824BF1AF10091100F /* rainbowlake.jpg */ = {isa = PBXFileReference; lastKnownFileType = image.jpeg; path = rainbowlake.jpg; sourceTree = "<group>"; };
		1C70C29924BF1AF10091100F /* yukon_charleyrivers.jpg */ = {isa = PBXFileReference; lastKnownFileType = image.jpeg; path = yukon_charleyrivers.jpg; sourceTree = "<group>"; };
		1C70C29A24BF1AF10091100F /* icybay.jpg */ = {isa = PBXFileReference; lastKnownFileType = image.jpeg; path = icybay.jpg; sourceTree = "<group>"; };
		1C70C29B24BF1AF10091100F /* chincoteague.jpg */ = {isa = PBXFileReference; lastKnownFileType = image.jpeg; path = chincoteague.jpg; sourceTree = "<group>"; };
		1C70C29C24BF1AF10091100F /* silversalmoncreek.jpg */ = {isa = PBXFileReference; lastKnownFileType = image.jpeg; path = silversalmoncreek.jpg; sourceTree = "<group>"; };
		1C70C29D24BF1AF10091100F /* chilkoottrail.jpg */ = {isa = PBXFileReference; lastKnownFileType = image.jpeg; path = chilkoottrail.jpg; sourceTree = "<group>"; };
		1C70C2AA24BF30100091100F /* LandmarkDetail.swift */ = {isa = PBXFileReference; lastKnownFileType = sourcecode.swift; path = LandmarkDetail.swift; sourceTree = "<group>"; };
		1C70C2AC24BF32DC0091100F /* LandmarkList.swift */ = {isa = PBXFileReference; lastKnownFileType = sourcecode.swift; path = LandmarkList.swift; sourceTree = "<group>"; };
		1C78A6DA24C057D900616629 /* UserData.swift */ = {isa = PBXFileReference; lastKnownFileType = sourcecode.swift; path = UserData.swift; sourceTree = "<group>"; };
/* End PBXFileReference section */

/* Begin PBXFrameworksBuildPhase section */
		1C70C26624BEE2C20091100F /* Frameworks */ = {
			isa = PBXFrameworksBuildPhase;
			buildActionMask = 2147483647;
			files = (
			);
			runOnlyForDeploymentPostprocessing = 0;
		};
/* End PBXFrameworksBuildPhase section */

/* Begin PBXGroup section */
		1C70C26024BEE2C20091100F = {
			isa = PBXGroup;
			children = (
				1C70C26B24BEE2C20091100F /* Blog */,
				1C70C26A24BEE2C20091100F /* Products */,
			);
			sourceTree = "<group>";
		};
		1C70C26A24BEE2C20091100F /* Products */ = {
			isa = PBXGroup;
			children = (
				1C70C26924BEE2C20091100F /* Blog.app */,
			);
			name = Products;
			sourceTree = "<group>";
		};
		1C70C26B24BEE2C20091100F /* Blog */ = {
			isa = PBXGroup;
			children = (
				1C70C28824BF0BC10091100F /* Model */,
				1C70C26C24BEE2C20091100F /* AppDelegate.swift */,
				1C70C26E24BEE2C20091100F /* SceneDelegate.swift */,
				1C70C2AC24BF32DC0091100F /* LandmarkList.swift */,
				1C70C2AA24BF30100091100F /* LandmarkDetail.swift */,
				1C70C28F24BF19D20091100F /* LandmarkRow.swift */,
				1C62869D24C1EC6B0074351D /* Badge.swift */,
				1C70C28024BEF2530091100F /* CircleImage.swift */,
				1C70C28424BEF7E30091100F /* MapView.swift */,
				1C70C29124BF1AD80091100F /* Resources */,
				1C70C27224BEE2C30091100F /* Assets.xcassets */,
				1C70C27724BEE2C40091100F /* LaunchScreen.storyboard */,
				1C70C27A24BEE2C40091100F /* Info.plist */,
				1C70C27424BEE2C40091100F /* Preview Content */,
			);
			path = Blog;
			sourceTree = "<group>";
		};
		1C70C27424BEE2C40091100F /* Preview Content */ = {
			isa = PBXGroup;
			children = (
				1C70C28224BEF4F70091100F /* Lobster-Regular.ttf */,
				1C70C27524BEE2C40091100F /* Preview Assets.xcassets */,
			);
			path = "Preview Content";
			sourceTree = "<group>";
		};
		1C70C28824BF0BC10091100F /* Model */ = {
			isa = PBXGroup;
			children = (
				1C70C28924BF10F60091100F /* Data.swift */,
				1C78A6DA24C057D900616629 /* UserData.swift */,
				1C70C28624BF0B960091100F /* Landmark.swift */,
			);
			path = Model;
			sourceTree = "<group>";
		};
		1C70C29124BF1AD80091100F /* Resources */ = {
			isa = PBXGroup;
			children = (
				1C70C28D24BF17C30091100F /* landmarkData.json */,
				1C70C29D24BF1AF10091100F /* chilkoottrail.jpg */,
				1C70C29B24BF1AF10091100F /* chincoteague.jpg */,
				1C70C29624BF1AF10091100F /* hiddenlake.jpg */,
				1C70C29A24BF1AF10091100F /* icybay.jpg */,
				1C70C29224BF1AF10091100F /* lakemcdonald.jpg */,
				1C70C29824BF1AF10091100F /* rainbowlake.jpg */,
				1C70C29C24BF1AF10091100F /* silversalmoncreek.jpg */,
				1C70C29424BF1AF10091100F /* stmarylake.jpg */,
				1C70C29324BF1AF10091100F /* turtlerock.jpg */,
				1C70C29524BF1AF10091100F /* twinlake.jpg */,
				1C70C29724BF1AF10091100F /* umbagog.jpg */,
				1C70C29924BF1AF10091100F /* yukon_charleyrivers.jpg */,
			);
			name = Resources;
			sourceTree = "<group>";
		};
/* End PBXGroup section */

/* Begin PBXNativeTarget section */
		1C70C26824BEE2C20091100F /* Blog */ = {
			isa = PBXNativeTarget;
			buildConfigurationList = 1C70C27D24BEE2C40091100F /* Build configuration list for PBXNativeTarget "Blog" */;
			buildPhases = (
				1C70C26524BEE2C20091100F /* Sources */,
				1C70C26624BEE2C20091100F /* Frameworks */,
				1C70C26724BEE2C20091100F /* Resources */,
			);
			buildRules = (
			);
			dependencies = (
			);
			name = Blog;
			productName = Blog;
			productReference = 1C70C26924BEE2C20091100F /* Blog.app */;
			productType = "com.apple.product-type.application";
		};
/* End PBXNativeTarget section */

/* Begin PBXProject section */
		1C70C26124BEE2C20091100F /* Project object */ = {
			isa = PBXProject;
			attributes = {
				LastSwiftUpdateCheck = 1150;
				LastUpgradeCheck = 1150;
				ORGANIZATIONNAME = iraniya;
				TargetAttributes = {
					1C70C26824BEE2C20091100F = {
						CreatedOnToolsVersion = 11.5;
					};
				};
			};
			buildConfigurationList = 1C70C26424BEE2C20091100F /* Build configuration list for PBXProject "Blog" */;
			compatibilityVersion = "Xcode 9.3";
			developmentRegion = en;
			hasScannedForEncodings = 0;
			knownRegions = (
				en,
				Base,
			);
			mainGroup = 1C70C26024BEE2C20091100F;
			productRefGroup = 1C70C26A24BEE2C20091100F /* Products */;
			projectDirPath = "";
			projectRoot = "";
			targets = (
				1C70C26824BEE2C20091100F /* Blog */,
			);
		};
/* End PBXProject section */

/* Begin PBXResourcesBuildPhase section */
		1C70C26724BEE2C20091100F /* Resources */ = {
			isa = PBXResourcesBuildPhase;
			buildActionMask = 2147483647;
			files = (
				1C70C29E24BF1AF10091100F /* lakemcdonald.jpg in Resources */,
				1C70C2A424BF1AF10091100F /* rainbowlake.jpg in Resources */,
				1C70C27924BEE2C40091100F /* LaunchScreen.storyboard in Resources */,
				1C70C2A024BF1AF10091100F /* stmarylake.jpg in Resources */,
				1C70C29F24BF1AF10091100F /* turtlerock.jpg in Resources */,
				1C70C28324BEF4F70091100F /* Lobster-Regular.ttf in Resources */,
				1C70C27624BEE2C40091100F /* Preview Assets.xcassets in Resources */,
				1C70C2A124BF1AF10091100F /* twinlake.jpg in Resources */,
				1C70C28E24BF17C40091100F /* landmarkData.json in Resources */,
				1C70C2A724BF1AF10091100F /* chincoteague.jpg in Resources */,
				1C70C2A224BF1AF10091100F /* hiddenlake.jpg in Resources */,
				1C70C2A924BF1AF10091100F /* chilkoottrail.jpg in Resources */,
				1C70C2A324BF1AF10091100F /* umbagog.jpg in Resources */,
				1C70C27324BEE2C30091100F /* Assets.xcassets in Resources */,
				1C70C2A824BF1AF10091100F /* silversalmoncreek.jpg in Resources */,
				1C70C2A624BF1AF10091100F /* icybay.jpg in Resources */,
				1C70C2A524BF1AF10091100F /* yukon_charleyrivers.jpg in Resources */,
			);
			runOnlyForDeploymentPostprocessing = 0;
		};
/* End PBXResourcesBuildPhase section */

/* Begin PBXSourcesBuildPhase section */
		1C70C26524BEE2C20091100F /* Sources */ = {
			isa = PBXSourcesBuildPhase;
			buildActionMask = 2147483647;
			files = (
				1C70C28A24BF10F60091100F /* Data.swift in Sources */,
				1C70C26D24BEE2C20091100F /* AppDelegate.swift in Sources */,
				1C62869E24C1EC6B0074351D /* Badge.swift in Sources */,
				1C70C28124BEF2530091100F /* CircleImage.swift in Sources */,
				1C70C28524BEF7E30091100F /* MapView.swift in Sources */,
				1C70C2AD24BF32DC0091100F /* LandmarkList.swift in Sources */,
				1C70C2AB24BF30100091100F /* LandmarkDetail.swift in Sources */,
				1C70C26F24BEE2C20091100F /* SceneDelegate.swift in Sources */,
				1C70C29024BF19D20091100F /* LandmarkRow.swift in Sources */,
				1C78A6DB24C057D900616629 /* UserData.swift in Sources */,
				1C70C28724BF0B960091100F /* Landmark.swift in Sources */,
			);
			runOnlyForDeploymentPostprocessing = 0;
		};
/* End PBXSourcesBuildPhase section */

/* Begin PBXVariantGroup section */
		1C70C27724BEE2C40091100F /* LaunchScreen.storyboard */ = {
			isa = PBXVariantGroup;
			children = (
				1C70C27824BEE2C40091100F /* Base */,
			);
			name = LaunchScreen.storyboard;
			sourceTree = "<group>";
		};
/* End PBXVariantGroup section */

/* Begin XCBuildConfiguration section */
		1C70C27B24BEE2C40091100F /* Debug */ = {
			isa = XCBuildConfiguration;
			buildSettings = {
				ALWAYS_SEARCH_USER_PATHS = NO;
				CLANG_ANALYZER_NONNULL = YES;
				CLANG_ANALYZER_NUMBER_OBJECT_CONVERSION = YES_AGGRESSIVE;
				CLANG_CXX_LANGUAGE_STANDARD = "gnu++14";
				CLANG_CXX_LIBRARY = "libc++";
				CLANG_ENABLE_MODULES = YES;
				CLANG_ENABLE_OBJC_ARC = YES;
				CLANG_ENABLE_OBJC_WEAK = YES;
				CLANG_WARN_BLOCK_CAPTURE_AUTORELEASING = YES;
				CLANG_WARN_BOOL_CONVERSION = YES;
				CLANG_WARN_COMMA = YES;
				CLANG_WARN_CONSTANT_CONVERSION = YES;
				CLANG_WARN_DEPRECATED_OBJC_IMPLEMENTATIONS = YES;
				CLANG_WARN_DIRECT_OBJC_ISA_USAGE = YES_ERROR;
				CLANG_WARN_DOCUMENTATION_COMMENTS = YES;
				CLANG_WARN_EMPTY_BODY = YES;
				CLANG_WARN_ENUM_CONVERSION = YES;
				CLANG_WARN_INFINITE_RECURSION = YES;
				CLANG_WARN_INT_CONVERSION = YES;
				CLANG_WARN_NON_LITERAL_NULL_CONVERSION = YES;
				CLANG_WARN_OBJC_IMPLICIT_RETAIN_SELF = YES;
				CLANG_WARN_OBJC_LITERAL_CONVERSION = YES;
				CLANG_WARN_OBJC_ROOT_CLASS = YES_ERROR;
				CLANG_WARN_RANGE_LOOP_ANALYSIS = YES;
				CLANG_WARN_STRICT_PROTOTYPES = YES;
				CLANG_WARN_SUSPICIOUS_MOVE = YES;
				CLANG_WARN_UNGUARDED_AVAILABILITY = YES_AGGRESSIVE;
				CLANG_WARN_UNREACHABLE_CODE = YES;
				CLANG_WARN__DUPLICATE_METHOD_MATCH = YES;
				COPY_PHASE_STRIP = NO;
				DEBUG_INFORMATION_FORMAT = dwarf;
				ENABLE_STRICT_OBJC_MSGSEND = YES;
				ENABLE_TESTABILITY = YES;
				GCC_C_LANGUAGE_STANDARD = gnu11;
				GCC_DYNAMIC_NO_PIC = NO;
				GCC_NO_COMMON_BLOCKS = YES;
				GCC_OPTIMIZATION_LEVEL = 0;
				GCC_PREPROCESSOR_DEFINITIONS = (
					"DEBUG=1",
					"$(inherited)",
				);
				GCC_WARN_64_TO_32_BIT_CONVERSION = YES;
				GCC_WARN_ABOUT_RETURN_TYPE = YES_ERROR;
				GCC_WARN_UNDECLARED_SELECTOR = YES;
				GCC_WARN_UNINITIALIZED_AUTOS = YES_AGGRESSIVE;
				GCC_WARN_UNUSED_FUNCTION = YES;
				GCC_WARN_UNUSED_VARIABLE = YES;
				IPHONEOS_DEPLOYMENT_TARGET = 13.5;
				MTL_ENABLE_DEBUG_INFO = INCLUDE_SOURCE;
				MTL_FAST_MATH = YES;
				ONLY_ACTIVE_ARCH = YES;
				SDKROOT = iphoneos;
				SWIFT_ACTIVE_COMPILATION_CONDITIONS = DEBUG;
				SWIFT_OPTIMIZATION_LEVEL = "-Onone";
			};
			name = Debug;
		};
		1C70C27C24BEE2C40091100F /* Release */ = {
			isa = XCBuildConfiguration;
			buildSettings = {
				ALWAYS_SEARCH_USER_PATHS = NO;
				CLANG_ANALYZER_NONNULL = YES;
				CLANG_ANALYZER_NUMBER_OBJECT_CONVERSION = YES_AGGRESSIVE;
				CLANG_CXX_LANGUAGE_STANDARD = "gnu++14";
				CLANG_CXX_LIBRARY = "libc++";
				CLANG_ENABLE_MODULES = YES;
				CLANG_ENABLE_OBJC_ARC = YES;
				CLANG_ENABLE_OBJC_WEAK = YES;
				CLANG_WARN_BLOCK_CAPTURE_AUTORELEASING = YES;
				CLANG_WARN_BOOL_CONVERSION = YES;
				CLANG_WARN_COMMA = YES;
				CLANG_WARN_CONSTANT_CONVERSION = YES;
				CLANG_WARN_DEPRECATED_OBJC_IMPLEMENTATIONS = YES;
				CLANG_WARN_DIRECT_OBJC_ISA_USAGE = YES_ERROR;
				CLANG_WARN_DOCUMENTATION_COMMENTS = YES;
				CLANG_WARN_EMPTY_BODY = YES;
				CLANG_WARN_ENUM_CONVERSION = YES;
				CLANG_WARN_INFINITE_RECURSION = YES;
				CLANG_WARN_INT_CONVERSION = YES;
				CLANG_WARN_NON_LITERAL_NULL_CONVERSION = YES;
				CLANG_WARN_OBJC_IMPLICIT_RETAIN_SELF = YES;
				CLANG_WARN_OBJC_LITERAL_CONVERSION = YES;
				CLANG_WARN_OBJC_ROOT_CLASS = YES_ERROR;
				CLANG_WARN_RANGE_LOOP_ANALYSIS = YES;
				CLANG_WARN_STRICT_PROTOTYPES = YES;
				CLANG_WARN_SUSPICIOUS_MOVE = YES;
				CLANG_WARN_UNGUARDED_AVAILABILITY = YES_AGGRESSIVE;
				CLANG_WARN_UNREACHABLE_CODE = YES;
				CLANG_WARN__DUPLICATE_METHOD_MATCH = YES;
				COPY_PHASE_STRIP = NO;
				DEBUG_INFORMATION_FORMAT = "dwarf-with-dsym";
				ENABLE_NS_ASSERTIONS = NO;
				ENABLE_STRICT_OBJC_MSGSEND = YES;
				GCC_C_LANGUAGE_STANDARD = gnu11;
				GCC_NO_COMMON_BLOCKS = YES;
				GCC_WARN_64_TO_32_BIT_CONVERSION = YES;
				GCC_WARN_ABOUT_RETURN_TYPE = YES_ERROR;
				GCC_WARN_UNDECLARED_SELECTOR = YES;
				GCC_WARN_UNINITIALIZED_AUTOS = YES_AGGRESSIVE;
				GCC_WARN_UNUSED_FUNCTION = YES;
				GCC_WARN_UNUSED_VARIABLE = YES;
				IPHONEOS_DEPLOYMENT_TARGET = 13.5;
				MTL_ENABLE_DEBUG_INFO = NO;
				MTL_FAST_MATH = YES;
				SDKROOT = iphoneos;
				SWIFT_COMPILATION_MODE = wholemodule;
				SWIFT_OPTIMIZATION_LEVEL = "-O";
				VALIDATE_PRODUCT = YES;
			};
			name = Release;
		};
		1C70C27E24BEE2C40091100F /* Debug */ = {
			isa = XCBuildConfiguration;
			buildSettings = {
				ASSETCATALOG_COMPILER_APPICON_NAME = AppIcon;
				CODE_SIGN_STYLE = Automatic;
				DEVELOPMENT_ASSET_PATHS = "\"Blog/Preview Content\"";
				DEVELOPMENT_TEAM = 66Q99FC7X2;
				ENABLE_PREVIEWS = YES;
				INFOPLIST_FILE = Blog/Info.plist;
				LD_RUNPATH_SEARCH_PATHS = (
					"$(inherited)",
					"@executable_path/Frameworks",
				);
				PRODUCT_BUNDLE_IDENTIFIER = com.iraniya.Blog;
				PRODUCT_NAME = "$(TARGET_NAME)";
				SWIFT_VERSION = 5.0;
				TARGETED_DEVICE_FAMILY = "1,2";
			};
			name = Debug;
		};
		1C70C27F24BEE2C40091100F /* Release */ = {
			isa = XCBuildConfiguration;
			buildSettings = {
				ASSETCATALOG_COMPILER_APPICON_NAME = AppIcon;
				CODE_SIGN_STYLE = Automatic;
				DEVELOPMENT_ASSET_PATHS = "\"Blog/Preview Content\"";
				DEVELOPMENT_TEAM = 66Q99FC7X2;
				ENABLE_PREVIEWS = YES;
				INFOPLIST_FILE = Blog/Info.plist;
				LD_RUNPATH_SEARCH_PATHS = (
					"$(inherited)",
					"@executable_path/Frameworks",
				);
				PRODUCT_BUNDLE_IDENTIFIER = com.iraniya.Blog;
				PRODUCT_NAME = "$(TARGET_NAME)";
				SWIFT_VERSION = 5.0;
				TARGETED_DEVICE_FAMILY = "1,2";
			};
			name = Release;
		};
/* End XCBuildConfiguration section */

/* Begin XCConfigurationList section */
		1C70C26424BEE2C20091100F /* Build configuration list for PBXProject "Blog" */ = {
			isa = XCConfigurationList;
			buildConfigurations = (
				1C70C27B24BEE2C40091100F /* Debug */,
				1C70C27C24BEE2C40091100F /* Release */,
			);
			defaultConfigurationIsVisible = 0;
			defaultConfigurationName = Release;
		};
		1C70C27D24BEE2C40091100F /* Build configuration list for PBXNativeTarget "Blog" */ = {
			isa = XCConfigurationList;
			buildConfigurations = (
				1C70C27E24BEE2C40091100F /* Debug */,
				1C70C27F24BEE2C40091100F /* Release */,
			);
			defaultConfigurationIsVisible = 0;
			defaultConfigurationName = Release;
		};
/* End XCConfigurationList section */
	};
	rootObject = 1C70C26124BEE2C20091100F /* Project object */;
}
